{
  "name": "git@gist.github.com:a4b5904c0ae802d117240505e0c7c35b",
  "lockfileVersion": 2,
  "requires": true,
  "packages": {
    "": {
      "devDependencies": {
        "@types/luxon": "^3.0.1",
        "prettier": "^2.7.1"
      }
    },
    "node_modules/@types/luxon": {
      "version": "3.0.1",
      "resolved": "https://registry.npmjs.org/@types/luxon/-/luxon-3.0.1.tgz",
      "integrity": "sha512-/LAvk1cMOJt0ghzMFrZEvByUhsiEfeeT2IF53Le+Ki3A538yEL9pRZ7a6MuCxdrYK+YNqNIDmrKU/r2nnw04zQ==",
      "dev": true
    },
    "node_modules/prettier": {
      "version": "2.7.1",
      "resolved": "https://registry.npmjs.org/prettier/-/prettier-2.7.1.tgz",
      "integrity": "sha512-ujppO+MkdPqoVINuDFDRLClm7D78qbDt0/NR+wp5FqEZOoTNAjPHWj17QRhu7geIHJfcNhRk1XVQmF8Bp3ye+g==",
      "dev": true,
      "bin": {
        "prettier": "bin-prettier.js"
      },
      "engines": {
        "node": ">=10.13.0"
      },
      "funding": {
        "url": "https://github.com/prettier/prettier?sponsor=1"
      }
    }
  },
  "dependencies": {
    "@types/luxon": {
      "version": "3.0.1",
      "resolved": "https://registry.npmjs.org/@types/luxon/-/luxon-3.0.1.tgz",
      "integrity": "sha512-/LAvk1cMOJt0ghzMFrZEvByUhsiEfeeT2IF53Le+Ki3A538yEL9pRZ7a6MuCxdrYK+YNqNIDmrKU/r2nnw04zQ==",
      "dev": true
    },
    "prettier": {
      "version": "2.7.1",
      "resolved": "https://registry.npmjs.org/prettier/-/prettier-2.7.1.tgz",
      "integrity": "sha512-ujppO+MkdPqoVINuDFDRLClm7D78qbDt0/NR+wp5FqEZOoTNAjPHWj17QRhu7geIHJfcNhRk1XVQmF8Bp3ye+g==",
      "dev": true
    }
  }
}
